
Microsoft Visual Studio Solution File, Format Version 12.00
# Visual Studio Version 17
VisualStudioVersion = 17.7.34031.279
MinimumVisualStudioVersion = 10.0.40219.1
Project("{2150E333-8FDC-42A3-9474-1A3956D46DE8}") = "src", "src", "{6AC96529-35F9-4E7C-9A78-E6A837643E7E}"
EndProject
Project("{2150E333-8FDC-42A3-9474-1A3956D46DE8}") = "Core", "Core", "{93FE9F6D-EAAA-46F4-8AAF-980CBC2D43D3}"
EndProject
Project("{FAE04EC0-301F-11D3-BF4B-00C04F79EFBC}") = "HDISigorta.Domain", "src\Core\HDISigorta.Domain\HDISigorta.Domain.csproj", "{AE4BE0CE-1B6D-4343-9723-8BE89BB100A2}"
EndProject
Project("{FAE04EC0-301F-11D3-BF4B-00C04F79EFBC}") = "HDISigorta.Application", "src\Core\HDISigorta.Application\HDISigorta.Application.csproj", "{CE9A850B-D78D-4A57-8238-B19E57D917FF}"
EndProject
Global
	GlobalSection(SolutionConfigurationPlatforms) = preSolution
		Debug|Any CPU = Debug|Any CPU
		Release|Any CPU = Release|Any CPU
	EndGlobalSection
	GlobalSection(ProjectConfigurationPlatforms) = postSolution
		{AE4BE0CE-1B6D-4343-9723-8BE89BB100A2}.Debug|Any CPU.ActiveCfg = Debug|Any CPU
		{AE4BE0CE-1B6D-4343-9723-8BE89BB100A2}.Debug|Any CPU.Build.0 = Debug|Any CPU
		{AE4BE0CE-1B6D-4343-9723-8BE89BB100A2}.Release|Any CPU.ActiveCfg = Release|Any CPU
		{AE4BE0CE-1B6D-4343-9723-8BE89BB100A2}.Release|Any CPU.Build.0 = Release|Any CPU
		{CE9A850B-D78D-4A57-8238-B19E57D917FF}.Debug|Any CPU.ActiveCfg = Debug|Any CPU
		{CE9A850B-D78D-4A57-8238-B19E57D917FF}.Debug|Any CPU.Build.0 = Debug|Any CPU
		{CE9A850B-D78D-4A57-8238-B19E57D917FF}.Release|Any CPU.ActiveCfg = Release|Any CPU
		{CE9A850B-D78D-4A57-8238-B19E57D917FF}.Release|Any CPU.Build.0 = Release|Any CPU
	EndGlobalSection
	GlobalSection(SolutionProperties) = preSolution
		HideSolutionNode = FALSE
	EndGlobalSection
	GlobalSection(NestedProjects) = preSolution
		{93FE9F6D-EAAA-46F4-8AAF-980CBC2D43D3} = {6AC96529-35F9-4E7C-9A78-E6A837643E7E}
		{AE4BE0CE-1B6D-4343-9723-8BE89BB100A2} = {93FE9F6D-EAAA-46F4-8AAF-980CBC2D43D3}
		{CE9A850B-D78D-4A57-8238-B19E57D917FF} = {93FE9F6D-EAAA-46F4-8AAF-980CBC2D43D3}
	EndGlobalSection
	GlobalSection(ExtensibilityGlobals) = postSolution
		SolutionGuid = {8862AE11-690C-4484-AB72-647A46F8A32A}
	EndGlobalSection
EndGlobal
